
Microsoft Visual Studio Solution File, Format Version 12.00
# Visual Studio Version 17
VisualStudioVersion = 17.9.34701.34
MinimumVisualStudioVersion = 10.0.40219.1
Project("{FAE04EC0-301F-11D3-BF4B-00C04F79EFBC}") = "beadando", "beadando.csproj", "{A141F188-9490-4E9E-8D58-ECBE620825AC}"
EndProject
Global
	GlobalSection(SolutionConfigurationPlatforms) = preSolution
		Debug|Any CPU = Debug|Any CPU
		Release|Any CPU = Release|Any CPU
	EndGlobalSection
	GlobalSection(ProjectConfigurationPlatforms) = postSolution
		{A141F188-9490-4E9E-8D58-ECBE620825AC}.Debug|Any CPU.ActiveCfg = Debug|Any CPU
		{A141F188-9490-4E9E-8D58-ECBE620825AC}.Debug|Any CPU.Build.0 = Debug|Any CPU
		{A141F188-9490-4E9E-8D58-ECBE620825AC}.Release|Any CPU.ActiveCfg = Release|Any CPU
		{A141F188-9490-4E9E-8D58-ECBE620825AC}.Release|Any CPU.Build.0 = Release|Any CPU
	EndGlobalSection
	GlobalSection(SolutionProperties) = preSolution
		HideSolutionNode = FALSE
	EndGlobalSection
	GlobalSection(ExtensibilityGlobals) = postSolution
		SolutionGuid = {9C734A16-2853-41EB-91FD-F202D8D57039}
	EndGlobalSection
EndGlobal
